
Microsoft Visual Studio Solution File, Format Version 12.00
# Visual Studio 2012
Project("{2150E333-8FDC-42A3-9474-1A3956D46DE8}") = ".nuget", ".nuget", "{4F534D00-93C1-40C2-B397-082D9AC09A01}"
	ProjectSection(SolutionItems) = preProject
		.nuget\NuGet.Config = .nuget\NuGet.Config
		.nuget\NuGet.exe = .nuget\NuGet.exe
		.nuget\NuGet.targets = .nuget\NuGet.targets
	EndProjectSection
EndProject
Project("{FAE04EC0-301F-11D3-BF4B-00C04F79EFBC}") = "Aventurijn.Activities.Web", "Aventurijn.Activities.Web\Aventurijn.Activities.Web.csproj", "{AB700954-EF96-4040-A36B-724BE73FEE80}"
EndProject
Project("{2150E333-8FDC-42A3-9474-1A3956D46DE8}") = "UnitTests", "UnitTests", "{6FDD0BF4-BB36-441D-AECF-678A7262831C}"
EndProject
Project("{FAE04EC0-301F-11D3-BF4B-00C04F79EFBC}") = "Aventurijn.Activities.Web.Tests", "Aventurijn.Activities.Web.Tests\Aventurijn.Activities.Web.Tests.csproj", "{4DF4266F-A2C1-49FD-8692-81AA5303BE67}"
EndProject
Project("{2150E333-8FDC-42A3-9474-1A3956D46DE8}") = "Database", "Database", "{FF7BC77C-CF95-4012-8FA8-E41950F92F7A}"
EndProject
Project("{00D1A9C2-B5F0-4AF3-8072-F6C62B433612}") = "Aventurijn.Database", "Database\Aventurijn.Database\Aventurijn.Database.sqlproj", "{A53F39FA-2429-402B-A3EA-8FB938CAFD67}"
EndProject
Global
	GlobalSection(SolutionConfigurationPlatforms) = preSolution
		Debug|Any CPU = Debug|Any CPU
		Release|Any CPU = Release|Any CPU
	EndGlobalSection
	GlobalSection(ProjectConfigurationPlatforms) = postSolution
		{AB700954-EF96-4040-A36B-724BE73FEE80}.Debug|Any CPU.ActiveCfg = Debug|Any CPU
		{AB700954-EF96-4040-A36B-724BE73FEE80}.Debug|Any CPU.Build.0 = Debug|Any CPU
		{AB700954-EF96-4040-A36B-724BE73FEE80}.Release|Any CPU.ActiveCfg = Release|Any CPU
		{AB700954-EF96-4040-A36B-724BE73FEE80}.Release|Any CPU.Build.0 = Release|Any CPU
		{4DF4266F-A2C1-49FD-8692-81AA5303BE67}.Debug|Any CPU.ActiveCfg = Debug|Any CPU
		{4DF4266F-A2C1-49FD-8692-81AA5303BE67}.Debug|Any CPU.Build.0 = Debug|Any CPU
		{4DF4266F-A2C1-49FD-8692-81AA5303BE67}.Release|Any CPU.ActiveCfg = Release|Any CPU
		{4DF4266F-A2C1-49FD-8692-81AA5303BE67}.Release|Any CPU.Build.0 = Release|Any CPU
		{A53F39FA-2429-402B-A3EA-8FB938CAFD67}.Debug|Any CPU.ActiveCfg = Debug|Any CPU
		{A53F39FA-2429-402B-A3EA-8FB938CAFD67}.Release|Any CPU.ActiveCfg = Release|Any CPU
	EndGlobalSection
	GlobalSection(SolutionProperties) = preSolution
		HideSolutionNode = FALSE
	EndGlobalSection
	GlobalSection(NestedProjects) = preSolution
		{4DF4266F-A2C1-49FD-8692-81AA5303BE67} = {6FDD0BF4-BB36-441D-AECF-678A7262831C}
		{A53F39FA-2429-402B-A3EA-8FB938CAFD67} = {FF7BC77C-CF95-4012-8FA8-E41950F92F7A}
	EndGlobalSection
EndGlobal
